
Microsoft Visual Studio Solution File, Format Version 12.00
# Visual Studio Version 16
VisualStudioVersion = 16.0.33423.256
MinimumVisualStudioVersion = 10.0.40219.1
Project("{FAE04EC0-301F-11D3-BF4B-00C04F79EFBC}") = "Proyecto_Biblioteca", "Proyecto_Biblioteca\Proyecto_Biblioteca.csproj", "{4D85E98D-2998-4DFF-A098-3776EDF54A47}"
EndProject
Global
	GlobalSection(SolutionConfigurationPlatforms) = preSolution
		Debug|Any CPU = Debug|Any CPU
		Release|Any CPU = Release|Any CPU
	EndGlobalSection
	GlobalSection(ProjectConfigurationPlatforms) = postSolution
		{4D85E98D-2998-4DFF-A098-3776EDF54A47}.Debug|Any CPU.ActiveCfg = Debug|Any CPU
		{4D85E98D-2998-4DFF-A098-3776EDF54A47}.Debug|Any CPU.Build.0 = Debug|Any CPU
		{4D85E98D-2998-4DFF-A098-3776EDF54A47}.Release|Any CPU.ActiveCfg = Release|Any CPU
		{4D85E98D-2998-4DFF-A098-3776EDF54A47}.Release|Any CPU.Build.0 = Release|Any CPU
	EndGlobalSection
	GlobalSection(SolutionProperties) = preSolution
		HideSolutionNode = FALSE
	EndGlobalSection
	GlobalSection(ExtensibilityGlobals) = postSolution
		SolutionGuid = {6DB513F4-1AF8-44F7-AAA3-20163058B24C}
	EndGlobalSection
EndGlobal
